
Microsoft Visual Studio Solution File, Format Version 12.00
# Visual Studio 15
VisualStudioVersion = 15.0.27130.2020
MinimumVisualStudioVersion = 10.0.40219.1
Project("{FAE04EC0-301F-11D3-BF4B-00C04F79EFBC}") = "QuestBot", "QuestBot\QuestBot.csproj", "{01C735AA-90E9-4F85-99CB-F813D6985979}"
EndProject
Global
	GlobalSection(SolutionConfigurationPlatforms) = preSolution
		Debug|Any CPU = Debug|Any CPU
		Release|Any CPU = Release|Any CPU
	EndGlobalSection
	GlobalSection(ProjectConfigurationPlatforms) = postSolution
		{01C735AA-90E9-4F85-99CB-F813D6985979}.Debug|Any CPU.ActiveCfg = Debug|Any CPU
		{01C735AA-90E9-4F85-99CB-F813D6985979}.Debug|Any CPU.Build.0 = Debug|Any CPU
		{01C735AA-90E9-4F85-99CB-F813D6985979}.Release|Any CPU.ActiveCfg = Release|Any CPU
		{01C735AA-90E9-4F85-99CB-F813D6985979}.Release|Any CPU.Build.0 = Release|Any CPU
	EndGlobalSection
	GlobalSection(SolutionProperties) = preSolution
		HideSolutionNode = FALSE
	EndGlobalSection
	GlobalSection(ExtensibilityGlobals) = postSolution
		SolutionGuid = {6C7D6147-BCEB-46CD-8A28-6A94BF0A1146}
	EndGlobalSection
EndGlobal
